
Microsoft Visual Studio Solution File, Format Version 12.00
# Visual Studio Version 16
VisualStudioVersion = 16.0.31911.196
MinimumVisualStudioVersion = 10.0.40219.1
Project("{FAE04EC0-301F-11D3-BF4B-00C04F79EFBC}") = "NetCamtHT_1", "NetCamtHT_1.csproj", "{85A80B26-5371-4F29-9B2E-06BE9D357BE1}"
EndProject
Global
	GlobalSection(SolutionConfigurationPlatforms) = preSolution
		Debug|Any CPU = Debug|Any CPU
		Release|Any CPU = Release|Any CPU
	EndGlobalSection
	GlobalSection(ProjectConfigurationPlatforms) = postSolution
		{85A80B26-5371-4F29-9B2E-06BE9D357BE1}.Debug|Any CPU.ActiveCfg = Debug|Any CPU
		{85A80B26-5371-4F29-9B2E-06BE9D357BE1}.Debug|Any CPU.Build.0 = Debug|Any CPU
		{85A80B26-5371-4F29-9B2E-06BE9D357BE1}.Release|Any CPU.ActiveCfg = Release|Any CPU
		{85A80B26-5371-4F29-9B2E-06BE9D357BE1}.Release|Any CPU.Build.0 = Release|Any CPU
	EndGlobalSection
	GlobalSection(SolutionProperties) = preSolution
		HideSolutionNode = FALSE
	EndGlobalSection
	GlobalSection(ExtensibilityGlobals) = postSolution
		SolutionGuid = {CD8EE847-1D30-4DBA-A581-D30CE2022068}
	EndGlobalSection
EndGlobal
